// !$*UTF8*$!
{
	archiveVersion = 1;
	classes = {
	};
	objectVersion = 55;
	objects = {

/* Begin PBXBuildFile section */
		B523BFB228183735009F2177 /* RealityUI in Frameworks */ = {isa = PBXBuildFile; productRef = B523BFB128183735009F2177 /* RealityUI */; };
		B58AF7A22818DAE3003D9B19 /* ColorSwatchView.swift in Sources */ = {isa = PBXBuildFile; fileRef = B58AF7A12818DAE3003D9B19 /* ColorSwatchView.swift */; };
		B59A389228167EB1003FA8C7 /* stickitApp.swift in Sources */ = {isa = PBXBuildFile; fileRef = B59A389128167EB1003FA8C7 /* stickitApp.swift */; };
		B59A389428167EB1003FA8C7 /* ContentView.swift in Sources */ = {isa = PBXBuildFile; fileRef = B59A389328167EB1003FA8C7 /* ContentView.swift */; };
		B59A389628167EB2003FA8C7 /* Assets.xcassets in Resources */ = {isa = PBXBuildFile; fileRef = B59A389528167EB2003FA8C7 /* Assets.xcassets */; };
		B59A389928167EB2003FA8C7 /* Preview Assets.xcassets in Resources */ = {isa = PBXBuildFile; fileRef = B59A389828167EB2003FA8C7 /* Preview Assets.xcassets */; };
		B5DAF4AF28193FEE002EE286 /* ARViewContainer.swift in Sources */ = {isa = PBXBuildFile; fileRef = B5DAF4AE28193FEE002EE286 /* ARViewContainer.swift */; };
		B5DAF4B1281945E1002EE286 /* ScenePersistenceHelper.swift in Sources */ = {isa = PBXBuildFile; fileRef = B5DAF4B0281945E1002EE286 /* ScenePersistenceHelper.swift */; };
		B5F213592816826B00841B8B /* ControlView.swift in Sources */ = {isa = PBXBuildFile; fileRef = B5F213582816826B00841B8B /* ControlView.swift */; };
		B5F2135B2816946B00841B8B /* BrowseView.swift in Sources */ = {isa = PBXBuildFile; fileRef = B5F2135A2816946B00841B8B /* BrowseView.swift */; };
		B5F2135D2816A20200841B8B /* PlacementSettings.swift in Sources */ = {isa = PBXBuildFile; fileRef = B5F2135C2816A20200841B8B /* PlacementSettings.swift */; };
		B5F2135F2816A3B700841B8B /* PlacementView.swift in Sources */ = {isa = PBXBuildFile; fileRef = B5F2135E2816A3B700841B8B /* PlacementView.swift */; };
		B5F213622816B79F00841B8B /* FocusEntity in Frameworks */ = {isa = PBXBuildFile; productRef = B5F213612816B79F00841B8B /* FocusEntity */; };
		B5F213642816B86400841B8B /* CustomARView.swift in Sources */ = {isa = PBXBuildFile; fileRef = B5F213632816B86400841B8B /* CustomARView.swift */; };
		B5F213662816BD1C00841B8B /* Model.swift in Sources */ = {isa = PBXBuildFile; fileRef = B5F213652816BD1C00841B8B /* Model.swift */; };
/* End PBXBuildFile section */

/* Begin PBXFileReference section */
		B58AF7A12818DAE3003D9B19 /* ColorSwatchView.swift */ = {isa = PBXFileReference; lastKnownFileType = sourcecode.swift; path = ColorSwatchView.swift; sourceTree = "<group>"; };
		B59A388E28167EB1003FA8C7 /* stickit.app */ = {isa = PBXFileReference; explicitFileType = wrapper.application; includeInIndex = 0; path = stickit.app; sourceTree = BUILT_PRODUCTS_DIR; };
		B59A389128167EB1003FA8C7 /* stickitApp.swift */ = {isa = PBXFileReference; lastKnownFileType = sourcecode.swift; path = stickitApp.swift; sourceTree = "<group>"; };
		B59A389328167EB1003FA8C7 /* ContentView.swift */ = {isa = PBXFileReference; lastKnownFileType = sourcecode.swift; path = ContentView.swift; sourceTree = "<group>"; };
		B59A389528167EB2003FA8C7 /* Assets.xcassets */ = {isa = PBXFileReference; lastKnownFileType = folder.assetcatalog; path = Assets.xcassets; sourceTree = "<group>"; };
		B59A389828167EB2003FA8C7 /* Preview Assets.xcassets */ = {isa = PBXFileReference; lastKnownFileType = folder.assetcatalog; path = "Preview Assets.xcassets"; sourceTree = "<group>"; };
		B5DAF4AE28193FEE002EE286 /* ARViewContainer.swift */ = {isa = PBXFileReference; lastKnownFileType = sourcecode.swift; path = ARViewContainer.swift; sourceTree = "<group>"; };
		B5DAF4B0281945E1002EE286 /* ScenePersistenceHelper.swift */ = {isa = PBXFileReference; lastKnownFileType = sourcecode.swift; path = ScenePersistenceHelper.swift; sourceTree = "<group>"; };
		B5F213582816826B00841B8B /* ControlView.swift */ = {isa = PBXFileReference; lastKnownFileType = sourcecode.swift; path = ControlView.swift; sourceTree = "<group>"; };
		B5F2135A2816946B00841B8B /* BrowseView.swift */ = {isa = PBXFileReference; lastKnownFileType = sourcecode.swift; path = BrowseView.swift; sourceTree = "<group>"; };
		B5F2135C2816A20200841B8B /* PlacementSettings.swift */ = {isa = PBXFileReference; lastKnownFileType = sourcecode.swift; path = PlacementSettings.swift; sourceTree = "<group>"; };
		B5F2135E2816A3B700841B8B /* PlacementView.swift */ = {isa = PBXFileReference; lastKnownFileType = sourcecode.swift; path = PlacementView.swift; sourceTree = "<group>"; };
		B5F213632816B86400841B8B /* CustomARView.swift */ = {isa = PBXFileReference; lastKnownFileType = sourcecode.swift; path = CustomARView.swift; sourceTree = "<group>"; };
		B5F213652816BD1C00841B8B /* Model.swift */ = {isa = PBXFileReference; lastKnownFileType = sourcecode.swift; path = Model.swift; sourceTree = "<group>"; };
/* End PBXFileReference section */

/* Begin PBXFrameworksBuildPhase section */
		B59A388B28167EB1003FA8C7 /* Frameworks */ = {
			isa = PBXFrameworksBuildPhase;
			buildActionMask = 2147483647;
			files = (
				B5F213622816B79F00841B8B /* FocusEntity in Frameworks */,
				B523BFB228183735009F2177 /* RealityUI in Frameworks */,
			);
			runOnlyForDeploymentPostprocessing = 0;
		};
/* End PBXFrameworksBuildPhase section */

/* Begin PBXGroup section */
		B58AF79D2818DAA4003D9B19 /* Main View */ = {
			isa = PBXGroup;
			children = (
				B59A389328167EB1003FA8C7 /* ContentView.swift */,
				B5F213582816826B00841B8B /* ControlView.swift */,
			);
			path = "Main View";
			sourceTree = "<group>";
		};
		B58AF79E2818DABD003D9B19 /* Model and Container */ = {
			isa = PBXGroup;
			children = (
				B5F213652816BD1C00841B8B /* Model.swift */,
				B5F213632816B86400841B8B /* CustomARView.swift */,
				B58AF7A12818DAE3003D9B19 /* ColorSwatchView.swift */,
				B5DAF4AE28193FEE002EE286 /* ARViewContainer.swift */,
				B5DAF4B0281945E1002EE286 /* ScenePersistenceHelper.swift */,
			);
			path = "Model and Container";
			sourceTree = "<group>";
		};
		B58AF79F2818DAC7003D9B19 /* Placement View */ = {
			isa = PBXGroup;
			children = (
				B5F2135E2816A3B700841B8B /* PlacementView.swift */,
				B5F2135C2816A20200841B8B /* PlacementSettings.swift */,
			);
			path = "Placement View";
			sourceTree = "<group>";
		};
		B58AF7A02818DACE003D9B19 /* Browse View */ = {
			isa = PBXGroup;
			children = (
				B5F2135A2816946B00841B8B /* BrowseView.swift */,
			);
			path = "Browse View";
			sourceTree = "<group>";
		};
		B59A388528167EB1003FA8C7 = {
			isa = PBXGroup;
			children = (
				B59A389028167EB1003FA8C7 /* stickit */,
				B59A388F28167EB1003FA8C7 /* Products */,
			);
			sourceTree = "<group>";
		};
		B59A388F28167EB1003FA8C7 /* Products */ = {
			isa = PBXGroup;
			children = (
				B59A388E28167EB1003FA8C7 /* stickit.app */,
			);
			name = Products;
			sourceTree = "<group>";
		};
		B59A389028167EB1003FA8C7 /* stickit */ = {
			isa = PBXGroup;
			children = (
				B59A389128167EB1003FA8C7 /* stickitApp.swift */,
				B58AF79D2818DAA4003D9B19 /* Main View */,
				B58AF7A02818DACE003D9B19 /* Browse View */,
				B58AF79F2818DAC7003D9B19 /* Placement View */,
				B58AF79E2818DABD003D9B19 /* Model and Container */,
				B59A389528167EB2003FA8C7 /* Assets.xcassets */,
				B59A389728167EB2003FA8C7 /* Preview Content */,
			);
			path = stickit;
			sourceTree = "<group>";
		};
		B59A389728167EB2003FA8C7 /* Preview Content */ = {
			isa = PBXGroup;
			children = (
				B59A389828167EB2003FA8C7 /* Preview Assets.xcassets */,
			);
			path = "Preview Content";
			sourceTree = "<group>";
		};
/* End PBXGroup section */

/* Begin PBXNativeTarget section */
		B59A388D28167EB1003FA8C7 /* stickit */ = {
			isa = PBXNativeTarget;
			buildConfigurationList = B59A389C28167EB2003FA8C7 /* Build configuration list for PBXNativeTarget "stickit" */;
			buildPhases = (
				B59A388A28167EB1003FA8C7 /* Sources */,
				B59A388B28167EB1003FA8C7 /* Frameworks */,
				B59A388C28167EB1003FA8C7 /* Resources */,
			);
			buildRules = (
			);
			dependencies = (
			);
			name = stickit;
			packageProductDependencies = (
				B5F213612816B79F00841B8B /* FocusEntity */,
				B523BFB128183735009F2177 /* RealityUI */,
			);
			productName = stickit;
			productReference = B59A388E28167EB1003FA8C7 /* stickit.app */;
			productType = "com.apple.product-type.application";
		};
/* End PBXNativeTarget section */

/* Begin PBXProject section */
		B59A388628167EB1003FA8C7 /* Project object */ = {
			isa = PBXProject;
			attributes = {
				BuildIndependentTargetsInParallel = 1;
				LastSwiftUpdateCheck = 1330;
				LastUpgradeCheck = 1330;
				TargetAttributes = {
					B59A388D28167EB1003FA8C7 = {
						CreatedOnToolsVersion = 13.3.1;
					};
				};
			};
			buildConfigurationList = B59A388928167EB1003FA8C7 /* Build configuration list for PBXProject "stickit" */;
			compatibilityVersion = "Xcode 13.0";
			developmentRegion = en;
			hasScannedForEncodings = 0;
			knownRegions = (
				en,
				Base,
			);
			mainGroup = B59A388528167EB1003FA8C7;
			packageReferences = (
				B5F213602816B79F00841B8B /* XCRemoteSwiftPackageReference "FocusEntity" */,
				B523BFB028183735009F2177 /* XCRemoteSwiftPackageReference "RealityUI" */,
			);
			productRefGroup = B59A388F28167EB1003FA8C7 /* Products */;
			projectDirPath = "";
			projectRoot = "";
			targets = (
				B59A388D28167EB1003FA8C7 /* stickit */,
			);
		};
/* End PBXProject section */

/* Begin PBXResourcesBuildPhase section */
		B59A388C28167EB1003FA8C7 /* Resources */ = {
			isa = PBXResourcesBuildPhase;
			buildActionMask = 2147483647;
			files = (
				B59A389928167EB2003FA8C7 /* Preview Assets.xcassets in Resources */,
				B59A389628167EB2003FA8C7 /* Assets.xcassets in Resources */,
			);
			runOnlyForDeploymentPostprocessing = 0;
		};
/* End PBXResourcesBuildPhase section */

/* Begin PBXSourcesBuildPhase section */
		B59A388A28167EB1003FA8C7 /* Sources */ = {
			isa = PBXSourcesBuildPhase;
			buildActionMask = 2147483647;
			files = (
				B5F2135B2816946B00841B8B /* BrowseView.swift in Sources */,
				B5DAF4B1281945E1002EE286 /* ScenePersistenceHelper.swift in Sources */,
				B59A389428167EB1003FA8C7 /* ContentView.swift in Sources */,
				B5F2135F2816A3B700841B8B /* PlacementView.swift in Sources */,
				B5F213592816826B00841B8B /* ControlView.swift in Sources */,
				B59A389228167EB1003FA8C7 /* stickitApp.swift in Sources */,
				B58AF7A22818DAE3003D9B19 /* ColorSwatchView.swift in Sources */,
				B5F213642816B86400841B8B /* CustomARView.swift in Sources */,
				B5F2135D2816A20200841B8B /* PlacementSettings.swift in Sources */,
				B5F213662816BD1C00841B8B /* Model.swift in Sources */,
				B5DAF4AF28193FEE002EE286 /* ARViewContainer.swift in Sources */,
			);
			runOnlyForDeploymentPostprocessing = 0;
		};
/* End PBXSourcesBuildPhase section */

/* Begin XCBuildConfiguration section */
		B59A389A28167EB2003FA8C7 /* Debug */ = {
			isa = XCBuildConfiguration;
			buildSettings = {
				ALWAYS_SEARCH_USER_PATHS = NO;
				CLANG_ANALYZER_NONNULL = YES;
				CLANG_ANALYZER_NUMBER_OBJECT_CONVERSION = YES_AGGRESSIVE;
				CLANG_CXX_LANGUAGE_STANDARD = "gnu++17";
				CLANG_ENABLE_MODULES = YES;
				CLANG_ENABLE_OBJC_ARC = YES;
				CLANG_ENABLE_OBJC_WEAK = YES;
				CLANG_WARN_BLOCK_CAPTURE_AUTORELEASING = YES;
				CLANG_WARN_BOOL_CONVERSION = YES;
				CLANG_WARN_COMMA = YES;
				CLANG_WARN_CONSTANT_CONVERSION = YES;
				CLANG_WARN_DEPRECATED_OBJC_IMPLEMENTATIONS = YES;
				CLANG_WARN_DIRECT_OBJC_ISA_USAGE = YES_ERROR;
				CLANG_WARN_DOCUMENTATION_COMMENTS = YES;
				CLANG_WARN_EMPTY_BODY = YES;
				CLANG_WARN_ENUM_CONVERSION = YES;
				CLANG_WARN_INFINITE_RECURSION = YES;
				CLANG_WARN_INT_CONVERSION = YES;
				CLANG_WARN_NON_LITERAL_NULL_CONVERSION = YES;
				CLANG_WARN_OBJC_IMPLICIT_RETAIN_SELF = YES;
				CLANG_WARN_OBJC_LITERAL_CONVERSION = YES;
				CLANG_WARN_OBJC_ROOT_CLASS = YES_ERROR;
				CLANG_WARN_QUOTED_INCLUDE_IN_FRAMEWORK_HEADER = YES;
				CLANG_WARN_RANGE_LOOP_ANALYSIS = YES;
				CLANG_WARN_STRICT_PROTOTYPES = YES;
				CLANG_WARN_SUSPICIOUS_MOVE = YES;
				CLANG_WARN_UNGUARDED_AVAILABILITY = YES_AGGRESSIVE;
				CLANG_WARN_UNREACHABLE_CODE = YES;
				CLANG_WARN__DUPLICATE_METHOD_MATCH = YES;
				COPY_PHASE_STRIP = NO;
				DEBUG_INFORMATION_FORMAT = dwarf;
				ENABLE_STRICT_OBJC_MSGSEND = YES;
				ENABLE_TESTABILITY = YES;
				GCC_C_LANGUAGE_STANDARD = gnu11;
				GCC_DYNAMIC_NO_PIC = NO;
				GCC_NO_COMMON_BLOCKS = YES;
				GCC_OPTIMIZATION_LEVEL = 0;
				GCC_PREPROCESSOR_DEFINITIONS = (
					"DEBUG=1",
					"$(inherited)",
				);
				GCC_WARN_64_TO_32_BIT_CONVERSION = YES;
				GCC_WARN_ABOUT_RETURN_TYPE = YES_ERROR;
				GCC_WARN_UNDECLARED_SELECTOR = YES;
				GCC_WARN_UNINITIALIZED_AUTOS = YES_AGGRESSIVE;
				GCC_WARN_UNUSED_FUNCTION = YES;
				GCC_WARN_UNUSED_VARIABLE = YES;
				IPHONEOS_DEPLOYMENT_TARGET = 15.4;
				MTL_ENABLE_DEBUG_INFO = INCLUDE_SOURCE;
				MTL_FAST_MATH = YES;
				ONLY_ACTIVE_ARCH = YES;
				SDKROOT = iphoneos;
				SWIFT_ACTIVE_COMPILATION_CONDITIONS = DEBUG;
				SWIFT_OPTIMIZATION_LEVEL = "-Onone";
			};
			name = Debug;
		};
		B59A389B28167EB2003FA8C7 /* Release */ = {
			isa = XCBuildConfiguration;
			buildSettings = {
				ALWAYS_SEARCH_USER_PATHS = NO;
				CLANG_ANALYZER_NONNULL = YES;
				CLANG_ANALYZER_NUMBER_OBJECT_CONVERSION = YES_AGGRESSIVE;
				CLANG_CXX_LANGUAGE_STANDARD = "gnu++17";
				CLANG_ENABLE_MODULES = YES;
				CLANG_ENABLE_OBJC_ARC = YES;
				CLANG_ENABLE_OBJC_WEAK = YES;
				CLANG_WARN_BLOCK_CAPTURE_AUTORELEASING = YES;
				CLANG_WARN_BOOL_CONVERSION = YES;
				CLANG_WARN_COMMA = YES;
				CLANG_WARN_CONSTANT_CONVERSION = YES;
				CLANG_WARN_DEPRECATED_OBJC_IMPLEMENTATIONS = YES;
				CLANG_WARN_DIRECT_OBJC_ISA_USAGE = YES_ERROR;
				CLANG_WARN_DOCUMENTATION_COMMENTS = YES;
				CLANG_WARN_EMPTY_BODY = YES;
				CLANG_WARN_ENUM_CONVERSION = YES;
				CLANG_WARN_INFINITE_RECURSION = YES;
				CLANG_WARN_INT_CONVERSION = YES;
				CLANG_WARN_NON_LITERAL_NULL_CONVERSION = YES;
				CLANG_WARN_OBJC_IMPLICIT_RETAIN_SELF = YES;
				CLANG_WARN_OBJC_LITERAL_CONVERSION = YES;
				CLANG_WARN_OBJC_ROOT_CLASS = YES_ERROR;
				CLANG_WARN_QUOTED_INCLUDE_IN_FRAMEWORK_HEADER = YES;
				CLANG_WARN_RANGE_LOOP_ANALYSIS = YES;
				CLANG_WARN_STRICT_PROTOTYPES = YES;
				CLANG_WARN_SUSPICIOUS_MOVE = YES;
				CLANG_WARN_UNGUARDED_AVAILABILITY = YES_AGGRESSIVE;
				CLANG_WARN_UNREACHABLE_CODE = YES;
				CLANG_WARN__DUPLICATE_METHOD_MATCH = YES;
				COPY_PHASE_STRIP = NO;
				DEBUG_INFORMATION_FORMAT = "dwarf-with-dsym";
				ENABLE_NS_ASSERTIONS = NO;
				ENABLE_STRICT_OBJC_MSGSEND = YES;
				GCC_C_LANGUAGE_STANDARD = gnu11;
				GCC_NO_COMMON_BLOCKS = YES;
				GCC_WARN_64_TO_32_BIT_CONVERSION = YES;
				GCC_WARN_ABOUT_RETURN_TYPE = YES_ERROR;
				GCC_WARN_UNDECLARED_SELECTOR = YES;
				GCC_WARN_UNINITIALIZED_AUTOS = YES_AGGRESSIVE;
				GCC_WARN_UNUSED_FUNCTION = YES;
				GCC_WARN_UNUSED_VARIABLE = YES;
				IPHONEOS_DEPLOYMENT_TARGET = 15.4;
				MTL_ENABLE_DEBUG_INFO = NO;
				MTL_FAST_MATH = YES;
				SDKROOT = iphoneos;
				SWIFT_COMPILATION_MODE = wholemodule;
				SWIFT_OPTIMIZATION_LEVEL = "-O";
				VALIDATE_PRODUCT = YES;
			};
			name = Release;
		};
		B59A389D28167EB2003FA8C7 /* Debug */ = {
			isa = XCBuildConfiguration;
			buildSettings = {
				ASSETCATALOG_COMPILER_APPICON_NAME = AppIcon;
				ASSETCATALOG_COMPILER_GLOBAL_ACCENT_COLOR_NAME = AccentColor;
				CODE_SIGN_STYLE = Automatic;
				CURRENT_PROJECT_VERSION = 1;
				DEVELOPMENT_ASSET_PATHS = "\"stickit/Preview Content\"";
				DEVELOPMENT_TEAM = 5DUFZTPDQV;
				ENABLE_PREVIEWS = YES;
				GENERATE_INFOPLIST_FILE = YES;
				INFOPLIST_KEY_NSCameraUsageDescription = "To use Augmented Reality, this app needs access to your camera.";
				INFOPLIST_KEY_UIApplicationSceneManifest_Generation = YES;
				INFOPLIST_KEY_UIApplicationSupportsIndirectInputEvents = YES;
				INFOPLIST_KEY_UILaunchScreen_Generation = YES;
				INFOPLIST_KEY_UIRequiredDeviceCapabilities = arkit;
				INFOPLIST_KEY_UISupportedInterfaceOrientations_iPad = "UIInterfaceOrientationPortrait UIInterfaceOrientationPortraitUpsideDown UIInterfaceOrientationLandscapeLeft UIInterfaceOrientationLandscapeRight";
				INFOPLIST_KEY_UISupportedInterfaceOrientations_iPhone = "UIInterfaceOrientationPortrait UIInterfaceOrientationLandscapeLeft UIInterfaceOrientationLandscapeRight";
				LD_RUNPATH_SEARCH_PATHS = (
					"$(inherited)",
					"@executable_path/Frameworks",
				);
				MARKETING_VERSION = 1.0;
				PRODUCT_BUNDLE_IDENTIFIER = hnslmp.stickit;
				PRODUCT_NAME = "$(TARGET_NAME)";
				SWIFT_EMIT_LOC_STRINGS = YES;
				SWIFT_VERSION = 5.0;
				TARGETED_DEVICE_FAMILY = "1,2";
			};
			name = Debug;
		};
		B59A389E28167EB2003FA8C7 /* Release */ = {
			isa = XCBuildConfiguration;
			buildSettings = {
				ASSETCATALOG_COMPILER_APPICON_NAME = AppIcon;
				ASSETCATALOG_COMPILER_GLOBAL_ACCENT_COLOR_NAME = AccentColor;
				CODE_SIGN_STYLE = Automatic;
				CURRENT_PROJECT_VERSION = 1;
				DEVELOPMENT_ASSET_PATHS = "\"stickit/Preview Content\"";
				DEVELOPMENT_TEAM = 5DUFZTPDQV;
				ENABLE_PREVIEWS = YES;
				GENERATE_INFOPLIST_FILE = YES;
				INFOPLIST_KEY_NSCameraUsageDescription = "To use Augmented Reality, this app needs access to your camera.";
				INFOPLIST_KEY_UIApplicationSceneManifest_Generation = YES;
				INFOPLIST_KEY_UIApplicationSupportsIndirectInputEvents = YES;
				INFOPLIST_KEY_UILaunchScreen_Generation = YES;
				INFOPLIST_KEY_UIRequiredDeviceCapabilities = arkit;
				INFOPLIST_KEY_UISupportedInterfaceOrientations_iPad = "UIInterfaceOrientationPortrait UIInterfaceOrientationPortraitUpsideDown UIInterfaceOrientationLandscapeLeft UIInterfaceOrientationLandscapeRight";
				INFOPLIST_KEY_UISupportedInterfaceOrientations_iPhone = "UIInterfaceOrientationPortrait UIInterfaceOrientationLandscapeLeft UIInterfaceOrientationLandscapeRight";
				LD_RUNPATH_SEARCH_PATHS = (
					"$(inherited)",
					"@executable_path/Frameworks",
				);
				MARKETING_VERSION = 1.0;
				PRODUCT_BUNDLE_IDENTIFIER = hnslmp.stickit;
				PRODUCT_NAME = "$(TARGET_NAME)";
				SWIFT_EMIT_LOC_STRINGS = YES;
				SWIFT_VERSION = 5.0;
				TARGETED_DEVICE_FAMILY = "1,2";
			};
			name = Release;
		};
/* End XCBuildConfiguration section */

/* Begin XCConfigurationList section */
		B59A388928167EB1003FA8C7 /* Build configuration list for PBXProject "stickit" */ = {
			isa = XCConfigurationList;
			buildConfigurations = (
				B59A389A28167EB2003FA8C7 /* Debug */,
				B59A389B28167EB2003FA8C7 /* Release */,
			);
			defaultConfigurationIsVisible = 0;
			defaultConfigurationName = Release;
		};
		B59A389C28167EB2003FA8C7 /* Build configuration list for PBXNativeTarget "stickit" */ = {
			isa = XCConfigurationList;
			buildConfigurations = (
				B59A389D28167EB2003FA8C7 /* Debug */,
				B59A389E28167EB2003FA8C7 /* Release */,
			);
			defaultConfigurationIsVisible = 0;
			defaultConfigurationName = Release;
		};
/* End XCConfigurationList section */

/* Begin XCRemoteSwiftPackageReference section */
		B523BFB028183735009F2177 /* XCRemoteSwiftPackageReference "RealityUI" */ = {
			isa = XCRemoteSwiftPackageReference;
			repositoryURL = "https://github.com/maxxfrazer/RealityUI.git";
			requirement = {
				kind = upToNextMajorVersion;
				minimumVersion = 1.0.0;
			};
		};
		B5F213602816B79F00841B8B /* XCRemoteSwiftPackageReference "FocusEntity" */ = {
			isa = XCRemoteSwiftPackageReference;
			repositoryURL = "https://github.com/maxxfrazer/FocusEntity";
			requirement = {
				branch = main;
				kind = branch;
			};
		};
/* End XCRemoteSwiftPackageReference section */

/* Begin XCSwiftPackageProductDependency section */
		B523BFB128183735009F2177 /* RealityUI */ = {
			isa = XCSwiftPackageProductDependency;
			package = B523BFB028183735009F2177 /* XCRemoteSwiftPackageReference "RealityUI" */;
			productName = RealityUI;
		};
		B5F213612816B79F00841B8B /* FocusEntity */ = {
			isa = XCSwiftPackageProductDependency;
			package = B5F213602816B79F00841B8B /* XCRemoteSwiftPackageReference "FocusEntity" */;
			productName = FocusEntity;
		};
/* End XCSwiftPackageProductDependency section */
	};
	rootObject = B59A388628167EB1003FA8C7 /* Project object */;
}
